
Microsoft Visual Studio Solution File, Format Version 12.00
# Visual Studio Version 17
VisualStudioVersion = 17.4.33213.308
MinimumVisualStudioVersion = 10.0.40219.1
Project("{FAE04EC0-301F-11D3-BF4B-00C04F79EFBC}") = "LibraryExample", "LibraryExample\LibraryExample.csproj", "{1419DA8D-3F2B-4EF6-9CEA-4725268FFAC0}"
EndProject
Global
	GlobalSection(SolutionConfigurationPlatforms) = preSolution
		Debug|Any CPU = Debug|Any CPU
		Release|Any CPU = Release|Any CPU
	EndGlobalSection
	GlobalSection(ProjectConfigurationPlatforms) = postSolution
		{1419DA8D-3F2B-4EF6-9CEA-4725268FFAC0}.Debug|Any CPU.ActiveCfg = Debug|Any CPU
		{1419DA8D-3F2B-4EF6-9CEA-4725268FFAC0}.Debug|Any CPU.Build.0 = Debug|Any CPU
		{1419DA8D-3F2B-4EF6-9CEA-4725268FFAC0}.Release|Any CPU.ActiveCfg = Release|Any CPU
		{1419DA8D-3F2B-4EF6-9CEA-4725268FFAC0}.Release|Any CPU.Build.0 = Release|Any CPU
	EndGlobalSection
	GlobalSection(SolutionProperties) = preSolution
		HideSolutionNode = FALSE
	EndGlobalSection
	GlobalSection(ExtensibilityGlobals) = postSolution
		SolutionGuid = {36CD73FE-759A-46B5-BAF3-87B72AB8D55C}
	EndGlobalSection
EndGlobal
